
Microsoft Visual Studio Solution File, Format Version 12.00
# Visual Studio Version 17
VisualStudioVersion = 17.7.34202.233
MinimumVisualStudioVersion = 10.0.40219.1
Project("{9A19103F-16F7-4668-BE54-9A1E7A4F7556}") = "EjemploWindowsForms", "EjemploWindowsForms\EjemploWindowsForms.csproj", "{03F5D07A-3EFF-481E-AE8B-D03F376B2275}"
EndProject
Project("{9A19103F-16F7-4668-BE54-9A1E7A4F7556}") = "pjEjemploWinForms", "pjEjemploWinForms\pjEjemploWinForms.csproj", "{F753BE6D-8548-4539-90F3-CB3F45000598}"
EndProject
Global
	GlobalSection(SolutionConfigurationPlatforms) = preSolution
		Debug|Any CPU = Debug|Any CPU
		Release|Any CPU = Release|Any CPU
	EndGlobalSection
	GlobalSection(ProjectConfigurationPlatforms) = postSolution
		{03F5D07A-3EFF-481E-AE8B-D03F376B2275}.Debug|Any CPU.ActiveCfg = Debug|Any CPU
		{03F5D07A-3EFF-481E-AE8B-D03F376B2275}.Debug|Any CPU.Build.0 = Debug|Any CPU
		{03F5D07A-3EFF-481E-AE8B-D03F376B2275}.Release|Any CPU.ActiveCfg = Release|Any CPU
		{03F5D07A-3EFF-481E-AE8B-D03F376B2275}.Release|Any CPU.Build.0 = Release|Any CPU
		{F753BE6D-8548-4539-90F3-CB3F45000598}.Debug|Any CPU.ActiveCfg = Debug|Any CPU
		{F753BE6D-8548-4539-90F3-CB3F45000598}.Debug|Any CPU.Build.0 = Debug|Any CPU
		{F753BE6D-8548-4539-90F3-CB3F45000598}.Release|Any CPU.ActiveCfg = Release|Any CPU
		{F753BE6D-8548-4539-90F3-CB3F45000598}.Release|Any CPU.Build.0 = Release|Any CPU
	EndGlobalSection
	GlobalSection(SolutionProperties) = preSolution
		HideSolutionNode = FALSE
	EndGlobalSection
	GlobalSection(ExtensibilityGlobals) = postSolution
		SolutionGuid = {06F74929-5100-43D1-8A91-E7382BC2A987}
	EndGlobalSection
EndGlobal
